// !$*UTF8*$!
{
	archiveVersion = 1;
	classes = {
	};
	objectVersion = 50;
	objects = {

/* Begin PBXBuildFile section */
		7702C33421626FCD00EF7E3E /* AppDelegate.swift in Sources */ = {isa = PBXBuildFile; fileRef = 7702C33321626FCD00EF7E3E /* AppDelegate.swift */; };
		7702C33921626FCD00EF7E3E /* Main.storyboard in Resources */ = {isa = PBXBuildFile; fileRef = 7702C33721626FCD00EF7E3E /* Main.storyboard */; };
		7702C33B21626FD300EF7E3E /* Assets.xcassets in Resources */ = {isa = PBXBuildFile; fileRef = 7702C33A21626FD300EF7E3E /* Assets.xcassets */; };
		7702C33E21626FD300EF7E3E /* LaunchScreen.storyboard in Resources */ = {isa = PBXBuildFile; fileRef = 7702C33C21626FD300EF7E3E /* LaunchScreen.storyboard */; };
		7702C34B2162767800EF7E3E /* ScreenTwo.swift in Sources */ = {isa = PBXBuildFile; fileRef = 7702C34A2162767800EF7E3E /* ScreenTwo.swift */; };
		7702C34D2162769200EF7E3E /* ScreenThree.swift in Sources */ = {isa = PBXBuildFile; fileRef = 7702C34C2162769200EF7E3E /* ScreenThree.swift */; };
		7702C352216277DA00EF7E3E /* CustomCell.swift in Sources */ = {isa = PBXBuildFile; fileRef = 7702C350216277DA00EF7E3E /* CustomCell.swift */; };
		7702C353216277DA00EF7E3E /* CustomCellScreenTwo.xib in Resources */ = {isa = PBXBuildFile; fileRef = 7702C351216277DA00EF7E3E /* CustomCellScreenTwo.xib */; };
		7702C3552162846D00EF7E3E /* DataModels.swift in Sources */ = {isa = PBXBuildFile; fileRef = 7702C3542162846D00EF7E3E /* DataModels.swift */; };
		7702C3572162849700EF7E3E /* DataClass.swift in Sources */ = {isa = PBXBuildFile; fileRef = 7702C3562162849700EF7E3E /* DataClass.swift */; };
/* End PBXBuildFile section */

/* Begin PBXFileReference section */
		7702C33021626FCD00EF7E3E /* StackOverFlow4iPhone.app */ = {isa = PBXFileReference; explicitFileType = wrapper.application; includeInIndex = 0; path = StackOverFlow4iPhone.app; sourceTree = BUILT_PRODUCTS_DIR; };
		7702C33321626FCD00EF7E3E /* AppDelegate.swift */ = {isa = PBXFileReference; lastKnownFileType = sourcecode.swift; path = AppDelegate.swift; sourceTree = "<group>"; };
		7702C33821626FCD00EF7E3E /* Base */ = {isa = PBXFileReference; lastKnownFileType = file.storyboard; name = Base; path = Base.lproj/Main.storyboard; sourceTree = "<group>"; };
		7702C33A21626FD300EF7E3E /* Assets.xcassets */ = {isa = PBXFileReference; lastKnownFileType = folder.assetcatalog; path = Assets.xcassets; sourceTree = "<group>"; };
		7702C33D21626FD300EF7E3E /* Base */ = {isa = PBXFileReference; lastKnownFileType = file.storyboard; name = Base; path = Base.lproj/LaunchScreen.storyboard; sourceTree = "<group>"; };
		7702C33F21626FD300EF7E3E /* Info.plist */ = {isa = PBXFileReference; lastKnownFileType = text.plist.xml; path = Info.plist; sourceTree = "<group>"; };
		7702C34A2162767800EF7E3E /* ScreenTwo.swift */ = {isa = PBXFileReference; lastKnownFileType = sourcecode.swift; path = ScreenTwo.swift; sourceTree = "<group>"; };
		7702C34C2162769200EF7E3E /* ScreenThree.swift */ = {isa = PBXFileReference; lastKnownFileType = sourcecode.swift; path = ScreenThree.swift; sourceTree = "<group>"; };
		7702C350216277DA00EF7E3E /* CustomCell.swift */ = {isa = PBXFileReference; lastKnownFileType = sourcecode.swift; path = CustomCell.swift; sourceTree = "<group>"; };
		7702C351216277DA00EF7E3E /* CustomCellScreenTwo.xib */ = {isa = PBXFileReference; lastKnownFileType = file.xib; path = CustomCellScreenTwo.xib; sourceTree = "<group>"; };
		7702C3542162846D00EF7E3E /* DataModels.swift */ = {isa = PBXFileReference; lastKnownFileType = sourcecode.swift; path = DataModels.swift; sourceTree = "<group>"; };
		7702C3562162849700EF7E3E /* DataClass.swift */ = {isa = PBXFileReference; lastKnownFileType = sourcecode.swift; path = DataClass.swift; sourceTree = "<group>"; };
/* End PBXFileReference section */

/* Begin PBXFrameworksBuildPhase section */
		7702C32D21626FCD00EF7E3E /* Frameworks */ = {
			isa = PBXFrameworksBuildPhase;
			buildActionMask = 2147483647;
			files = (
			);
			runOnlyForDeploymentPostprocessing = 0;
		};
/* End PBXFrameworksBuildPhase section */

/* Begin PBXGroup section */
		7702C32721626FCD00EF7E3E = {
			isa = PBXGroup;
			children = (
				7702C33221626FCD00EF7E3E /* StackOverFlow4iPhone */,
				7702C33121626FCD00EF7E3E /* Products */,
			);
			sourceTree = "<group>";
		};
		7702C33121626FCD00EF7E3E /* Products */ = {
			isa = PBXGroup;
			children = (
				7702C33021626FCD00EF7E3E /* StackOverFlow4iPhone.app */,
			);
			name = Products;
			sourceTree = "<group>";
		};
		7702C33221626FCD00EF7E3E /* StackOverFlow4iPhone */ = {
			isa = PBXGroup;
			children = (
				7702C33321626FCD00EF7E3E /* AppDelegate.swift */,
				7702C346216275A900EF7E3E /* Models */,
				7702C347216275B800EF7E3E /* Controllers */,
				7702C345216270A700EF7E3E /* Views */,
				7702C33721626FCD00EF7E3E /* Main.storyboard */,
				7702C33A21626FD300EF7E3E /* Assets.xcassets */,
				7702C33C21626FD300EF7E3E /* LaunchScreen.storyboard */,
				7702C33F21626FD300EF7E3E /* Info.plist */,
			);
			path = StackOverFlow4iPhone;
			sourceTree = "<group>";
		};
		7702C345216270A700EF7E3E /* Views */ = {
			isa = PBXGroup;
			children = (
				7702C350216277DA00EF7E3E /* CustomCell.swift */,
				7702C351216277DA00EF7E3E /* CustomCellScreenTwo.xib */,
			);
			path = Views;
			sourceTree = "<group>";
		};
		7702C346216275A900EF7E3E /* Models */ = {
			isa = PBXGroup;
			children = (
				7702C3542162846D00EF7E3E /* DataModels.swift */,
				7702C3562162849700EF7E3E /* DataClass.swift */,
			);
			path = Models;
			sourceTree = "<group>";
		};
		7702C347216275B800EF7E3E /* Controllers */ = {
			isa = PBXGroup;
			children = (
				7702C34A2162767800EF7E3E /* ScreenTwo.swift */,
				7702C34C2162769200EF7E3E /* ScreenThree.swift */,
			);
			path = Controllers;
			sourceTree = "<group>";
		};
/* End PBXGroup section */

/* Begin PBXNativeTarget section */
		7702C32F21626FCD00EF7E3E /* StackOverFlow4iPhone */ = {
			isa = PBXNativeTarget;
			buildConfigurationList = 7702C34221626FD300EF7E3E /* Build configuration list for PBXNativeTarget "StackOverFlow4iPhone" */;
			buildPhases = (
				7702C32C21626FCD00EF7E3E /* Sources */,
				7702C32D21626FCD00EF7E3E /* Frameworks */,
				7702C32E21626FCD00EF7E3E /* Resources */,
			);
			buildRules = (
			);
			dependencies = (
			);
			name = StackOverFlow4iPhone;
			productName = StackOverFlow4iPhone;
			productReference = 7702C33021626FCD00EF7E3E /* StackOverFlow4iPhone.app */;
			productType = "com.apple.product-type.application";
		};
/* End PBXNativeTarget section */

/* Begin PBXProject section */
		7702C32821626FCD00EF7E3E /* Project object */ = {
			isa = PBXProject;
			attributes = {
				LastSwiftUpdateCheck = 0930;
				LastUpgradeCheck = 0930;
				ORGANIZATIONNAME = antonsolo;
				TargetAttributes = {
					7702C32F21626FCD00EF7E3E = {
						CreatedOnToolsVersion = 9.3;
					};
				};
			};
			buildConfigurationList = 7702C32B21626FCD00EF7E3E /* Build configuration list for PBXProject "StackOverFlow4iPhone" */;
			compatibilityVersion = "Xcode 9.3";
			developmentRegion = en;
			hasScannedForEncodings = 0;
			knownRegions = (
				en,
				Base,
			);
			mainGroup = 7702C32721626FCD00EF7E3E;
			productRefGroup = 7702C33121626FCD00EF7E3E /* Products */;
			projectDirPath = "";
			projectRoot = "";
			targets = (
				7702C32F21626FCD00EF7E3E /* StackOverFlow4iPhone */,
			);
		};
/* End PBXProject section */

/* Begin PBXResourcesBuildPhase section */
		7702C32E21626FCD00EF7E3E /* Resources */ = {
			isa = PBXResourcesBuildPhase;
			buildActionMask = 2147483647;
			files = (
				7702C33E21626FD300EF7E3E /* LaunchScreen.storyboard in Resources */,
				7702C33B21626FD300EF7E3E /* Assets.xcassets in Resources */,
				7702C353216277DA00EF7E3E /* CustomCellScreenTwo.xib in Resources */,
				7702C33921626FCD00EF7E3E /* Main.storyboard in Resources */,
			);
			runOnlyForDeploymentPostprocessing = 0;
		};
/* End PBXResourcesBuildPhase section */

/* Begin PBXSourcesBuildPhase section */
		7702C32C21626FCD00EF7E3E /* Sources */ = {
			isa = PBXSourcesBuildPhase;
			buildActionMask = 2147483647;
			files = (
				7702C3552162846D00EF7E3E /* DataModels.swift in Sources */,
				7702C352216277DA00EF7E3E /* CustomCell.swift in Sources */,
				7702C33421626FCD00EF7E3E /* AppDelegate.swift in Sources */,
				7702C34D2162769200EF7E3E /* ScreenThree.swift in Sources */,
				7702C34B2162767800EF7E3E /* ScreenTwo.swift in Sources */,
				7702C3572162849700EF7E3E /* DataClass.swift in Sources */,
			);
			runOnlyForDeploymentPostprocessing = 0;
		};
/* End PBXSourcesBuildPhase section */

/* Begin PBXVariantGroup section */
		7702C33721626FCD00EF7E3E /* Main.storyboard */ = {
			isa = PBXVariantGroup;
			children = (
				7702C33821626FCD00EF7E3E /* Base */,
			);
			name = Main.storyboard;
			sourceTree = "<group>";
		};
		7702C33C21626FD300EF7E3E /* LaunchScreen.storyboard */ = {
			isa = PBXVariantGroup;
			children = (
				7702C33D21626FD300EF7E3E /* Base */,
			);
			name = LaunchScreen.storyboard;
			sourceTree = "<group>";
		};
/* End PBXVariantGroup section */

/* Begin XCBuildConfiguration section */
		7702C34021626FD300EF7E3E /* Debug */ = {
			isa = XCBuildConfiguration;
			buildSettings = {
				ALWAYS_SEARCH_USER_PATHS = NO;
				CLANG_ANALYZER_NONNULL = YES;
				CLANG_ANALYZER_NUMBER_OBJECT_CONVERSION = YES_AGGRESSIVE;
				CLANG_CXX_LANGUAGE_STANDARD = "gnu++14";
				CLANG_CXX_LIBRARY = "libc++";
				CLANG_ENABLE_MODULES = YES;
				CLANG_ENABLE_OBJC_ARC = YES;
				CLANG_ENABLE_OBJC_WEAK = YES;
				CLANG_WARN_BLOCK_CAPTURE_AUTORELEASING = YES;
				CLANG_WARN_BOOL_CONVERSION = YES;
				CLANG_WARN_COMMA = YES;
				CLANG_WARN_CONSTANT_CONVERSION = YES;
				CLANG_WARN_DEPRECATED_OBJC_IMPLEMENTATIONS = YES;
				CLANG_WARN_DIRECT_OBJC_ISA_USAGE = YES_ERROR;
				CLANG_WARN_DOCUMENTATION_COMMENTS = YES;
				CLANG_WARN_EMPTY_BODY = YES;
				CLANG_WARN_ENUM_CONVERSION = YES;
				CLANG_WARN_INFINITE_RECURSION = YES;
				CLANG_WARN_INT_CONVERSION = YES;
				CLANG_WARN_NON_LITERAL_NULL_CONVERSION = YES;
				CLANG_WARN_OBJC_IMPLICIT_RETAIN_SELF = YES;
				CLANG_WARN_OBJC_LITERAL_CONVERSION = YES;
				CLANG_WARN_OBJC_ROOT_CLASS = YES_ERROR;
				CLANG_WARN_RANGE_LOOP_ANALYSIS = YES;
				CLANG_WARN_STRICT_PROTOTYPES = YES;
				CLANG_WARN_SUSPICIOUS_MOVE = YES;
				CLANG_WARN_UNGUARDED_AVAILABILITY = YES_AGGRESSIVE;
				CLANG_WARN_UNREACHABLE_CODE = YES;
				CLANG_WARN__DUPLICATE_METHOD_MATCH = YES;
				CODE_SIGN_IDENTITY = "iPhone Developer";
				COPY_PHASE_STRIP = NO;
				DEBUG_INFORMATION_FORMAT = dwarf;
				ENABLE_STRICT_OBJC_MSGSEND = YES;
				ENABLE_TESTABILITY = YES;
				GCC_C_LANGUAGE_STANDARD = gnu11;
				GCC_DYNAMIC_NO_PIC = NO;
				GCC_NO_COMMON_BLOCKS = YES;
				GCC_OPTIMIZATION_LEVEL = 0;
				GCC_PREPROCESSOR_DEFINITIONS = (
					"DEBUG=1",
					"$(inherited)",
				);
				GCC_WARN_64_TO_32_BIT_CONVERSION = YES;
				GCC_WARN_ABOUT_RETURN_TYPE = YES_ERROR;
				GCC_WARN_UNDECLARED_SELECTOR = YES;
				GCC_WARN_UNINITIALIZED_AUTOS = YES_AGGRESSIVE;
				GCC_WARN_UNUSED_FUNCTION = YES;
				GCC_WARN_UNUSED_VARIABLE = YES;
				IPHONEOS_DEPLOYMENT_TARGET = 11.3;
				MTL_ENABLE_DEBUG_INFO = YES;
				ONLY_ACTIVE_ARCH = YES;
				SDKROOT = iphoneos;
				SWIFT_ACTIVE_COMPILATION_CONDITIONS = DEBUG;
				SWIFT_OPTIMIZATION_LEVEL = "-Onone";
			};
			name = Debug;
		};
		7702C34121626FD300EF7E3E /* Release */ = {
			isa = XCBuildConfiguration;
			buildSettings = {
				ALWAYS_SEARCH_USER_PATHS = NO;
				CLANG_ANALYZER_NONNULL = YES;
				CLANG_ANALYZER_NUMBER_OBJECT_CONVERSION = YES_AGGRESSIVE;
				CLANG_CXX_LANGUAGE_STANDARD = "gnu++14";
				CLANG_CXX_LIBRARY = "libc++";
				CLANG_ENABLE_MODULES = YES;
				CLANG_ENABLE_OBJC_ARC = YES;
				CLANG_ENABLE_OBJC_WEAK = YES;
				CLANG_WARN_BLOCK_CAPTURE_AUTORELEASING = YES;
				CLANG_WARN_BOOL_CONVERSION = YES;
				CLANG_WARN_COMMA = YES;
				CLANG_WARN_CONSTANT_CONVERSION = YES;
				CLANG_WARN_DEPRECATED_OBJC_IMPLEMENTATIONS = YES;
				CLANG_WARN_DIRECT_OBJC_ISA_USAGE = YES_ERROR;
				CLANG_WARN_DOCUMENTATION_COMMENTS = YES;
				CLANG_WARN_EMPTY_BODY = YES;
				CLANG_WARN_ENUM_CONVERSION = YES;
				CLANG_WARN_INFINITE_RECURSION = YES;
				CLANG_WARN_INT_CONVERSION = YES;
				CLANG_WARN_NON_LITERAL_NULL_CONVERSION = YES;
				CLANG_WARN_OBJC_IMPLICIT_RETAIN_SELF = YES;
				CLANG_WARN_OBJC_LITERAL_CONVERSION = YES;
				CLANG_WARN_OBJC_ROOT_CLASS = YES_ERROR;
				CLANG_WARN_RANGE_LOOP_ANALYSIS = YES;
				CLANG_WARN_STRICT_PROTOTYPES = YES;
				CLANG_WARN_SUSPICIOUS_MOVE = YES;
				CLANG_WARN_UNGUARDED_AVAILABILITY = YES_AGGRESSIVE;
				CLANG_WARN_UNREACHABLE_CODE = YES;
				CLANG_WARN__DUPLICATE_METHOD_MATCH = YES;
				CODE_SIGN_IDENTITY = "iPhone Developer";
				COPY_PHASE_STRIP = NO;
				DEBUG_INFORMATION_FORMAT = "dwarf-with-dsym";
				ENABLE_NS_ASSERTIONS = NO;
				ENABLE_STRICT_OBJC_MSGSEND = YES;
				GCC_C_LANGUAGE_STANDARD = gnu11;
				GCC_NO_COMMON_BLOCKS = YES;
				GCC_WARN_64_TO_32_BIT_CONVERSION = YES;
				GCC_WARN_ABOUT_RETURN_TYPE = YES_ERROR;
				GCC_WARN_UNDECLARED_SELECTOR = YES;
				GCC_WARN_UNINITIALIZED_AUTOS = YES_AGGRESSIVE;
				GCC_WARN_UNUSED_FUNCTION = YES;
				GCC_WARN_UNUSED_VARIABLE = YES;
				IPHONEOS_DEPLOYMENT_TARGET = 11.3;
				MTL_ENABLE_DEBUG_INFO = NO;
				SDKROOT = iphoneos;
				SWIFT_COMPILATION_MODE = wholemodule;
				SWIFT_OPTIMIZATION_LEVEL = "-O";
				VALIDATE_PRODUCT = YES;
			};
			name = Release;
		};
		7702C34321626FD300EF7E3E /* Debug */ = {
			isa = XCBuildConfiguration;
			buildSettings = {
				ASSETCATALOG_COMPILER_APPICON_NAME = AppIcon;
				CODE_SIGN_STYLE = Automatic;
				DEVELOPMENT_TEAM = XGL6HPWPPW;
				INFOPLIST_FILE = StackOverFlow4iPhone/Info.plist;
				LD_RUNPATH_SEARCH_PATHS = (
					"$(inherited)",
					"@executable_path/Frameworks",
				);
				PRODUCT_BUNDLE_IDENTIFIER = "a-solo.StackOverFlow4iPhone";
				PRODUCT_NAME = "$(TARGET_NAME)";
				SWIFT_VERSION = 4.0;
				TARGETED_DEVICE_FAMILY = 1;
			};
			name = Debug;
		};
		7702C34421626FD300EF7E3E /* Release */ = {
			isa = XCBuildConfiguration;
			buildSettings = {
				ASSETCATALOG_COMPILER_APPICON_NAME = AppIcon;
				CODE_SIGN_STYLE = Automatic;
				DEVELOPMENT_TEAM = XGL6HPWPPW;
				INFOPLIST_FILE = StackOverFlow4iPhone/Info.plist;
				LD_RUNPATH_SEARCH_PATHS = (
					"$(inherited)",
					"@executable_path/Frameworks",
				);
				PRODUCT_BUNDLE_IDENTIFIER = "a-solo.StackOverFlow4iPhone";
				PRODUCT_NAME = "$(TARGET_NAME)";
				SWIFT_VERSION = 4.0;
				TARGETED_DEVICE_FAMILY = 1;
			};
			name = Release;
		};
/* End XCBuildConfiguration section */

/* Begin XCConfigurationList section */
		7702C32B21626FCD00EF7E3E /* Build configuration list for PBXProject "StackOverFlow4iPhone" */ = {
			isa = XCConfigurationList;
			buildConfigurations = (
				7702C34021626FD300EF7E3E /* Debug */,
				7702C34121626FD300EF7E3E /* Release */,
			);
			defaultConfigurationIsVisible = 0;
			defaultConfigurationName = Release;
		};
		7702C34221626FD300EF7E3E /* Build configuration list for PBXNativeTarget "StackOverFlow4iPhone" */ = {
			isa = XCConfigurationList;
			buildConfigurations = (
				7702C34321626FD300EF7E3E /* Debug */,
				7702C34421626FD300EF7E3E /* Release */,
			);
			defaultConfigurationIsVisible = 0;
			defaultConfigurationName = Release;
		};
/* End XCConfigurationList section */
	};
	rootObject = 7702C32821626FCD00EF7E3E /* Project object */;
}
